// !$*UTF8*$!
{
	archiveVersion = 1;
	classes = {
	};
	objectVersion = 77;
	objects = {

/* Begin PBXContainerItemProxy section */
		08568BD72CF19DA8006AF983 /* PBXContainerItemProxy */ = {
			isa = PBXContainerItemProxy;
			containerPortal = 08568BB82CF19DA6006AF983 /* Project object */;
			proxyType = 1;
			remoteGlobalIDString = 08568BBF2CF19DA6006AF983;
			remoteInfo = SignMeUp;
		};
		08568BE12CF19DA8006AF983 /* PBXContainerItemProxy */ = {
			isa = PBXContainerItemProxy;
			containerPortal = 08568BB82CF19DA6006AF983 /* Project object */;
			proxyType = 1;
			remoteGlobalIDString = 08568BBF2CF19DA6006AF983;
			remoteInfo = SignMeUp;
		};
/* End PBXContainerItemProxy section */

/* Begin PBXFileReference section */
		08568BC02CF19DA6006AF983 /* SignMeUp.app */ = {isa = PBXFileReference; explicitFileType = wrapper.application; includeInIndex = 0; path = SignMeUp.app; sourceTree = BUILT_PRODUCTS_DIR; };
		08568BD62CF19DA8006AF983 /* SignMeUpTests.xctest */ = {isa = PBXFileReference; explicitFileType = wrapper.cfbundle; includeInIndex = 0; path = SignMeUpTests.xctest; sourceTree = BUILT_PRODUCTS_DIR; };
		08568BE02CF19DA8006AF983 /* SignMeUpUITests.xctest */ = {isa = PBXFileReference; explicitFileType = wrapper.cfbundle; includeInIndex = 0; path = SignMeUpUITests.xctest; sourceTree = BUILT_PRODUCTS_DIR; };
/* End PBXFileReference section */

/* Begin PBXFileSystemSynchronizedBuildFileExceptionSet section */
		08568BE82CF19DA8006AF983 /* Exceptions for "SignMeUp" folder in "SignMeUp" target */ = {
			isa = PBXFileSystemSynchronizedBuildFileExceptionSet;
			membershipExceptions = (
				Info.plist,
			);
			target = 08568BBF2CF19DA6006AF983 /* SignMeUp */;
		};
/* End PBXFileSystemSynchronizedBuildFileExceptionSet section */

/* Begin PBXFileSystemSynchronizedRootGroup section */
		08568BC22CF19DA6006AF983 /* SignMeUp */ = {
			isa = PBXFileSystemSynchronizedRootGroup;
			exceptions = (
				08568BE82CF19DA8006AF983 /* Exceptions for "SignMeUp" folder in "SignMeUp" target */,
			);
			path = SignMeUp;
			sourceTree = "<group>";
		};
		08568BD92CF19DA8006AF983 /* SignMeUpTests */ = {
			isa = PBXFileSystemSynchronizedRootGroup;
			path = SignMeUpTests;
			sourceTree = "<group>";
		};
		08568BE32CF19DA8006AF983 /* SignMeUpUITests */ = {
			isa = PBXFileSystemSynchronizedRootGroup;
			path = SignMeUpUITests;
			sourceTree = "<group>";
		};
/* End PBXFileSystemSynchronizedRootGroup section */

/* Begin PBXFrameworksBuildPhase section */
		08568BBD2CF19DA6006AF983 /* Frameworks */ = {
			isa = PBXFrameworksBuildPhase;
			buildActionMask = 2147483647;
			files = (
			);
			runOnlyForDeploymentPostprocessing = 0;
		};
		08568BD32CF19DA8006AF983 /* Frameworks */ = {
			isa = PBXFrameworksBuildPhase;
			buildActionMask = 2147483647;
			files = (
			);
			runOnlyForDeploymentPostprocessing = 0;
		};
		08568BDD2CF19DA8006AF983 /* Frameworks */ = {
			isa = PBXFrameworksBuildPhase;
			buildActionMask = 2147483647;
			files = (
			);
			runOnlyForDeploymentPostprocessing = 0;
		};
/* End PBXFrameworksBuildPhase section */

/* Begin PBXGroup section */
		08568BB72CF19DA6006AF983 = {
			isa = PBXGroup;
			children = (
				08568BC22CF19DA6006AF983 /* SignMeUp */,
				08568BD92CF19DA8006AF983 /* SignMeUpTests */,
				08568BE32CF19DA8006AF983 /* SignMeUpUITests */,
				08568BC12CF19DA6006AF983 /* Products */,
			);
			sourceTree = "<group>";
		};
		08568BC12CF19DA6006AF983 /* Products */ = {
			isa = PBXGroup;
			children = (
				08568BC02CF19DA6006AF983 /* SignMeUp.app */,
				08568BD62CF19DA8006AF983 /* SignMeUpTests.xctest */,
				08568BE02CF19DA8006AF983 /* SignMeUpUITests.xctest */,
			);
			name = Products;
			sourceTree = "<group>";
		};
/* End PBXGroup section */

/* Begin PBXNativeTarget section */
		08568BBF2CF19DA6006AF983 /* SignMeUp */ = {
			isa = PBXNativeTarget;
			buildConfigurationList = 08568BE92CF19DA8006AF983 /* Build configuration list for PBXNativeTarget "SignMeUp" */;
			buildPhases = (
				08568BBC2CF19DA6006AF983 /* Sources */,
				08568BBD2CF19DA6006AF983 /* Frameworks */,
				08568BBE2CF19DA6006AF983 /* Resources */,
			);
			buildRules = (
			);
			dependencies = (
			);
			fileSystemSynchronizedGroups = (
				08568BC22CF19DA6006AF983 /* SignMeUp */,
			);
			name = SignMeUp;
			packageProductDependencies = (
			);
			productName = SignMeUp;
			productReference = 08568BC02CF19DA6006AF983 /* SignMeUp.app */;
			productType = "com.apple.product-type.application";
		};
		08568BD52CF19DA8006AF983 /* SignMeUpTests */ = {
			isa = PBXNativeTarget;
			buildConfigurationList = 08568BEE2CF19DA8006AF983 /* Build configuration list for PBXNativeTarget "SignMeUpTests" */;
			buildPhases = (
				08568BD22CF19DA8006AF983 /* Sources */,
				08568BD32CF19DA8006AF983 /* Frameworks */,
				08568BD42CF19DA8006AF983 /* Resources */,
			);
			buildRules = (
			);
			dependencies = (
				08568BD82CF19DA8006AF983 /* PBXTargetDependency */,
			);
			fileSystemSynchronizedGroups = (
				08568BD92CF19DA8006AF983 /* SignMeUpTests */,
			);
			name = SignMeUpTests;
			packageProductDependencies = (
			);
			productName = SignMeUpTests;
			productReference = 08568BD62CF19DA8006AF983 /* SignMeUpTests.xctest */;
			productType = "com.apple.product-type.bundle.unit-test";
		};
		08568BDF2CF19DA8006AF983 /* SignMeUpUITests */ = {
			isa = PBXNativeTarget;
			buildConfigurationList = 08568BF12CF19DA8006AF983 /* Build configuration list for PBXNativeTarget "SignMeUpUITests" */;
			buildPhases = (
				08568BDC2CF19DA8006AF983 /* Sources */,
				08568BDD2CF19DA8006AF983 /* Frameworks */,
				08568BDE2CF19DA8006AF983 /* Resources */,
			);
			buildRules = (
			);
			dependencies = (
				08568BE22CF19DA8006AF983 /* PBXTargetDependency */,
			);
			fileSystemSynchronizedGroups = (
				08568BE32CF19DA8006AF983 /* SignMeUpUITests */,
			);
			name = SignMeUpUITests;
			packageProductDependencies = (
			);
			productName = SignMeUpUITests;
			productReference = 08568BE02CF19DA8006AF983 /* SignMeUpUITests.xctest */;
			productType = "com.apple.product-type.bundle.ui-testing";
		};
/* End PBXNativeTarget section */

/* Begin PBXProject section */
		08568BB82CF19DA6006AF983 /* Project object */ = {
			isa = PBXProject;
			attributes = {
				BuildIndependentTargetsInParallel = 1;
				LastSwiftUpdateCheck = 1600;
				LastUpgradeCheck = 1600;
				TargetAttributes = {
					08568BBF2CF19DA6006AF983 = {
						CreatedOnToolsVersion = 16.0;
					};
					08568BD52CF19DA8006AF983 = {
						CreatedOnToolsVersion = 16.0;
						TestTargetID = 08568BBF2CF19DA6006AF983;
					};
					08568BDF2CF19DA8006AF983 = {
						CreatedOnToolsVersion = 16.0;
						TestTargetID = 08568BBF2CF19DA6006AF983;
					};
				};
			};
			buildConfigurationList = 08568BBB2CF19DA6006AF983 /* Build configuration list for PBXProject "SignMeUp" */;
			developmentRegion = en;
			hasScannedForEncodings = 0;
			knownRegions = (
				en,
				Base,
			);
			mainGroup = 08568BB72CF19DA6006AF983;
			minimizedProjectReferenceProxies = 1;
			preferredProjectObjectVersion = 77;
			productRefGroup = 08568BC12CF19DA6006AF983 /* Products */;
			projectDirPath = "";
			projectRoot = "";
			targets = (
				08568BBF2CF19DA6006AF983 /* SignMeUp */,
				08568BD52CF19DA8006AF983 /* SignMeUpTests */,
				08568BDF2CF19DA8006AF983 /* SignMeUpUITests */,
			);
		};
/* End PBXProject section */

/* Begin PBXResourcesBuildPhase section */
		08568BBE2CF19DA6006AF983 /* Resources */ = {
			isa = PBXResourcesBuildPhase;
			buildActionMask = 2147483647;
			files = (
			);
			runOnlyForDeploymentPostprocessing = 0;
		};
		08568BD42CF19DA8006AF983 /* Resources */ = {
			isa = PBXResourcesBuildPhase;
			buildActionMask = 2147483647;
			files = (
			);
			runOnlyForDeploymentPostprocessing = 0;
		};
		08568BDE2CF19DA8006AF983 /* Resources */ = {
			isa = PBXResourcesBuildPhase;
			buildActionMask = 2147483647;
			files = (
			);
			runOnlyForDeploymentPostprocessing = 0;
		};
/* End PBXResourcesBuildPhase section */

/* Begin PBXSourcesBuildPhase section */
		08568BBC2CF19DA6006AF983 /* Sources */ = {
			isa = PBXSourcesBuildPhase;
			buildActionMask = 2147483647;
			files = (
			);
			runOnlyForDeploymentPostprocessing = 0;
		};
		08568BD22CF19DA8006AF983 /* Sources */ = {
			isa = PBXSourcesBuildPhase;
			buildActionMask = 2147483647;
			files = (
			);
			runOnlyForDeploymentPostprocessing = 0;
		};
		08568BDC2CF19DA8006AF983 /* Sources */ = {
			isa = PBXSourcesBuildPhase;
			buildActionMask = 2147483647;
			files = (
			);
			runOnlyForDeploymentPostprocessing = 0;
		};
/* End PBXSourcesBuildPhase section */

/* Begin PBXTargetDependency section */
		08568BD82CF19DA8006AF983 /* PBXTargetDependency */ = {
			isa = PBXTargetDependency;
			target = 08568BBF2CF19DA6006AF983 /* SignMeUp */;
			targetProxy = 08568BD72CF19DA8006AF983 /* PBXContainerItemProxy */;
		};
		08568BE22CF19DA8006AF983 /* PBXTargetDependency */ = {
			isa = PBXTargetDependency;
			target = 08568BBF2CF19DA6006AF983 /* SignMeUp */;
			targetProxy = 08568BE12CF19DA8006AF983 /* PBXContainerItemProxy */;
		};
/* End PBXTargetDependency section */

/* Begin XCBuildConfiguration section */
		08568BEA2CF19DA8006AF983 /* Debug */ = {
			isa = XCBuildConfiguration;
			buildSettings = {
				ASSETCATALOG_COMPILER_APPICON_NAME = AppIcon;
				ASSETCATALOG_COMPILER_GLOBAL_ACCENT_COLOR_NAME = AccentColor;
				CODE_SIGN_STYLE = Automatic;
				CURRENT_PROJECT_VERSION = 1;
				GENERATE_INFOPLIST_FILE = YES;
				INFOPLIST_FILE = SignMeUp/Info.plist;
				INFOPLIST_KEY_UIApplicationSupportsIndirectInputEvents = YES;
				INFOPLIST_KEY_UILaunchStoryboardName = LaunchScreen;
				INFOPLIST_KEY_UIMainStoryboardFile = Main;
				INFOPLIST_KEY_UISupportedInterfaceOrientations_iPad = "UIInterfaceOrientationPortrait UIInterfaceOrientationPortraitUpsideDown UIInterfaceOrientationLandscapeLeft UIInterfaceOrientationLandscapeRight";
				INFOPLIST_KEY_UISupportedInterfaceOrientations_iPhone = "UIInterfaceOrientationPortrait UIInterfaceOrientationLandscapeLeft UIInterfaceOrientationLandscapeRight";
				LD_RUNPATH_SEARCH_PATHS = (
					"$(inherited)",
					"@executable_path/Frameworks",
				);
				MARKETING_VERSION = 1.0;
				PRODUCT_BUNDLE_IDENTIFIER = com.example.SignMeUp;
				PRODUCT_NAME = "$(TARGET_NAME)";
				SWIFT_EMIT_LOC_STRINGS = YES;
				SWIFT_VERSION = 5.0;
				TARGETED_DEVICE_FAMILY = "1,2";
			};
			name = Debug;
		};
		08568BEB2CF19DA8006AF983 /* Release */ = {
			isa = XCBuildConfiguration;
			buildSettings = {
				ASSETCATALOG_COMPILER_APPICON_NAME = AppIcon;
				ASSETCATALOG_COMPILER_GLOBAL_ACCENT_COLOR_NAME = AccentColor;
				CODE_SIGN_STYLE = Automatic;
				CURRENT_PROJECT_VERSION = 1;
				GENERATE_INFOPLIST_FILE = YES;
				INFOPLIST_FILE = SignMeUp/Info.plist;
				INFOPLIST_KEY_UIApplicationSupportsIndirectInputEvents = YES;
				INFOPLIST_KEY_UILaunchStoryboardName = LaunchScreen;
				INFOPLIST_KEY_UIMainStoryboardFile = Main;
				INFOPLIST_KEY_UISupportedInterfaceOrientations_iPad = "UIInterfaceOrientationPortrait UIInterfaceOrientationPortraitUpsideDown UIInterfaceOrientationLandscapeLeft UIInterfaceOrientationLandscapeRight";
				INFOPLIST_KEY_UISupportedInterfaceOrientations_iPhone = "UIInterfaceOrientationPortrait UIInterfaceOrientationLandscapeLeft UIInterfaceOrientationLandscapeRight";
				LD_RUNPATH_SEARCH_PATHS = (
					"$(inherited)",
					"@executable_path/Frameworks",
				);
				MARKETING_VERSION = 1.0;
				PRODUCT_BUNDLE_IDENTIFIER = com.example.SignMeUp;
				PRODUCT_NAME = "$(TARGET_NAME)";
				SWIFT_EMIT_LOC_STRINGS = YES;
				SWIFT_VERSION = 5.0;
				TARGETED_DEVICE_FAMILY = "1,2";
			};
			name = Release;
		};
		08568BEC2CF19DA8006AF983 /* Debug */ = {
			isa = XCBuildConfiguration;
			buildSettings = {
				ALWAYS_SEARCH_USER_PATHS = NO;
				ASSETCATALOG_COMPILER_GENERATE_SWIFT_ASSET_SYMBOL_EXTENSIONS = YES;
				CLANG_ANALYZER_NONNULL = YES;
				CLANG_ANALYZER_NUMBER_OBJECT_CONVERSION = YES_AGGRESSIVE;
				CLANG_CXX_LANGUAGE_STANDARD = "gnu++20";
				CLANG_ENABLE_MODULES = YES;
				CLANG_ENABLE_OBJC_ARC = YES;
				CLANG_ENABLE_OBJC_WEAK = YES;
				CLANG_WARN_BLOCK_CAPTURE_AUTORELEASING = YES;
				CLANG_WARN_BOOL_CONVERSION = YES;
				CLANG_WARN_COMMA = YES;
				CLANG_WARN_CONSTANT_CONVERSION = YES;
				CLANG_WARN_DEPRECATED_OBJC_IMPLEMENTATIONS = YES;
				CLANG_WARN_DIRECT_OBJC_ISA_USAGE = YES_ERROR;
				CLANG_WARN_DOCUMENTATION_COMMENTS = YES;
				CLANG_WARN_EMPTY_BODY = YES;
				CLANG_WARN_ENUM_CONVERSION = YES;
				CLANG_WARN_INFINITE_RECURSION = YES;
				CLANG_WARN_INT_CONVERSION = YES;
				CLANG_WARN_NON_LITERAL_NULL_CONVERSION = YES;
				CLANG_WARN_OBJC_IMPLICIT_RETAIN_SELF = YES;
				CLANG_WARN_OBJC_LITERAL_CONVERSION = YES;
				CLANG_WARN_OBJC_ROOT_CLASS = YES_ERROR;
				CLANG_WARN_QUOTED_INCLUDE_IN_FRAMEWORK_HEADER = YES;
				CLANG_WARN_RANGE_LOOP_ANALYSIS = YES;
				CLANG_WARN_STRICT_PROTOTYPES = YES;
				CLANG_WARN_SUSPICIOUS_MOVE = YES;
				CLANG_WARN_UNGUARDED_AVAILABILITY = YES_AGGRESSIVE;
				CLANG_WARN_UNREACHABLE_CODE = YES;
				CLANG_WARN__DUPLICATE_METHOD_MATCH = YES;
				COPY_PHASE_STRIP = NO;
				DEBUG_INFORMATION_FORMAT = dwarf;
				ENABLE_STRICT_OBJC_MSGSEND = YES;
				ENABLE_TESTABILITY = YES;
				ENABLE_USER_SCRIPT_SANDBOXING = YES;
				GCC_C_LANGUAGE_STANDARD = gnu17;
				GCC_DYNAMIC_NO_PIC = NO;
				GCC_NO_COMMON_BLOCKS = YES;
				GCC_OPTIMIZATION_LEVEL = 0;
				GCC_PREPROCESSOR_DEFINITIONS = (
					"DEBUG=1",
					"$(inherited)",
				);
				GCC_WARN_64_TO_32_BIT_CONVERSION = YES;
				GCC_WARN_ABOUT_RETURN_TYPE = YES_ERROR;
				GCC_WARN_UNDECLARED_SELECTOR = YES;
				GCC_WARN_UNINITIALIZED_AUTOS = YES_AGGRESSIVE;
				GCC_WARN_UNUSED_FUNCTION = YES;
				GCC_WARN_UNUSED_VARIABLE = YES;
				IPHONEOS_DEPLOYMENT_TARGET = 18.0;
				LOCALIZATION_PREFERS_STRING_CATALOGS = YES;
				MTL_ENABLE_DEBUG_INFO = INCLUDE_SOURCE;
				MTL_FAST_MATH = YES;
				ONLY_ACTIVE_ARCH = YES;
				SDKROOT = iphoneos;
				SWIFT_ACTIVE_COMPILATION_CONDITIONS = "DEBUG $(inherited)";
				SWIFT_OPTIMIZATION_LEVEL = "-Onone";
			};
			name = Debug;
		};
		08568BED2CF19DA8006AF983 /* Release */ = {
			isa = XCBuildConfiguration;
			buildSettings = {
				ALWAYS_SEARCH_USER_PATHS = NO;
				ASSETCATALOG_COMPILER_GENERATE_SWIFT_ASSET_SYMBOL_EXTENSIONS = YES;
				CLANG_ANALYZER_NONNULL = YES;
				CLANG_ANALYZER_NUMBER_OBJECT_CONVERSION = YES_AGGRESSIVE;
				CLANG_CXX_LANGUAGE_STANDARD = "gnu++20";
				CLANG_ENABLE_MODULES = YES;
				CLANG_ENABLE_OBJC_ARC = YES;
				CLANG_ENABLE_OBJC_WEAK = YES;
				CLANG_WARN_BLOCK_CAPTURE_AUTORELEASING = YES;
				CLANG_WARN_BOOL_CONVERSION = YES;
				CLANG_WARN_COMMA = YES;
				CLANG_WARN_CONSTANT_CONVERSION = YES;
				CLANG_WARN_DEPRECATED_OBJC_IMPLEMENTATIONS = YES;
				CLANG_WARN_DIRECT_OBJC_ISA_USAGE = YES_ERROR;
				CLANG_WARN_DOCUMENTATION_COMMENTS = YES;
				CLANG_WARN_EMPTY_BODY = YES;
				CLANG_WARN_ENUM_CONVERSION = YES;
				CLANG_WARN_INFINITE_RECURSION = YES;
				CLANG_WARN_INT_CONVERSION = YES;
				CLANG_WARN_NON_LITERAL_NULL_CONVERSION = YES;
				CLANG_WARN_OBJC_IMPLICIT_RETAIN_SELF = YES;
				CLANG_WARN_OBJC_LITERAL_CONVERSION = YES;
				CLANG_WARN_OBJC_ROOT_CLASS = YES_ERROR;
				CLANG_WARN_QUOTED_INCLUDE_IN_FRAMEWORK_HEADER = YES;
				CLANG_WARN_RANGE_LOOP_ANALYSIS = YES;
				CLANG_WARN_STRICT_PROTOTYPES = YES;
				CLANG_WARN_SUSPICIOUS_MOVE = YES;
				CLANG_WARN_UNGUARDED_AVAILABILITY = YES_AGGRESSIVE;
				CLANG_WARN_UNREACHABLE_CODE = YES;
				CLANG_WARN__DUPLICATE_METHOD_MATCH = YES;
				COPY_PHASE_STRIP = NO;
				DEBUG_INFORMATION_FORMAT = "dwarf-with-dsym";
				ENABLE_NS_ASSERTIONS = NO;
				ENABLE_STRICT_OBJC_MSGSEND = YES;
				ENABLE_USER_SCRIPT_SANDBOXING = YES;
				GCC_C_LANGUAGE_STANDARD = gnu17;
				GCC_NO_COMMON_BLOCKS = YES;
				GCC_WARN_64_TO_32_BIT_CONVERSION = YES;
				GCC_WARN_ABOUT_RETURN_TYPE = YES_ERROR;
				GCC_WARN_UNDECLARED_SELECTOR = YES;
				GCC_WARN_UNINITIALIZED_AUTOS = YES_AGGRESSIVE;
				GCC_WARN_UNUSED_FUNCTION = YES;
				GCC_WARN_UNUSED_VARIABLE = YES;
				IPHONEOS_DEPLOYMENT_TARGET = 18.0;
				LOCALIZATION_PREFERS_STRING_CATALOGS = YES;
				MTL_ENABLE_DEBUG_INFO = NO;
				MTL_FAST_MATH = YES;
				SDKROOT = iphoneos;
				SWIFT_COMPILATION_MODE = wholemodule;
				VALIDATE_PRODUCT = YES;
			};
			name = Release;
		};
		08568BEF2CF19DA8006AF983 /* Debug */ = {
			isa = XCBuildConfiguration;
			buildSettings = {
				BUNDLE_LOADER = "$(TEST_HOST)";
				CODE_SIGN_STYLE = Automatic;
				CURRENT_PROJECT_VERSION = 1;
				GENERATE_INFOPLIST_FILE = YES;
				IPHONEOS_DEPLOYMENT_TARGET = 18.0;
				MARKETING_VERSION = 1.0;
				PRODUCT_BUNDLE_IDENTIFIER = com.example.SignMeUpTests;
				PRODUCT_NAME = "$(TARGET_NAME)";
				SWIFT_EMIT_LOC_STRINGS = NO;
				SWIFT_VERSION = 5.0;
				TARGETED_DEVICE_FAMILY = "1,2";
				TEST_HOST = "$(BUILT_PRODUCTS_DIR)/SignMeUp.app/$(BUNDLE_EXECUTABLE_FOLDER_PATH)/SignMeUp";
			};
			name = Debug;
		};
		08568BF02CF19DA8006AF983 /* Release */ = {
			isa = XCBuildConfiguration;
			buildSettings = {
				BUNDLE_LOADER = "$(TEST_HOST)";
				CODE_SIGN_STYLE = Automatic;
				CURRENT_PROJECT_VERSION = 1;
				GENERATE_INFOPLIST_FILE = YES;
				IPHONEOS_DEPLOYMENT_TARGET = 18.0;
				MARKETING_VERSION = 1.0;
				PRODUCT_BUNDLE_IDENTIFIER = com.example.SignMeUpTests;
				PRODUCT_NAME = "$(TARGET_NAME)";
				SWIFT_EMIT_LOC_STRINGS = NO;
				SWIFT_VERSION = 5.0;
				TARGETED_DEVICE_FAMILY = "1,2";
				TEST_HOST = "$(BUILT_PRODUCTS_DIR)/SignMeUp.app/$(BUNDLE_EXECUTABLE_FOLDER_PATH)/SignMeUp";
			};
			name = Release;
		};
		08568BF22CF19DA8006AF983 /* Debug */ = {
			isa = XCBuildConfiguration;
			buildSettings = {
				CODE_SIGN_STYLE = Automatic;
				CURRENT_PROJECT_VERSION = 1;
				GENERATE_INFOPLIST_FILE = YES;
				MARKETING_VERSION = 1.0;
				PRODUCT_BUNDLE_IDENTIFIER = com.example.SignMeUpUITests;
				PRODUCT_NAME = "$(TARGET_NAME)";
				SWIFT_EMIT_LOC_STRINGS = NO;
				SWIFT_VERSION = 5.0;
				TARGETED_DEVICE_FAMILY = "1,2";
				TEST_TARGET_NAME = SignMeUp;
			};
			name = Debug;
		};
		08568BF32CF19DA8006AF983 /* Release */ = {
			isa = XCBuildConfiguration;
			buildSettings = {
				CODE_SIGN_STYLE = Automatic;
				CURRENT_PROJECT_VERSION = 1;
				GENERATE_INFOPLIST_FILE = YES;
				MARKETING_VERSION = 1.0;
				PRODUCT_BUNDLE_IDENTIFIER = com.example.SignMeUpUITests;
				PRODUCT_NAME = "$(TARGET_NAME)";
				SWIFT_EMIT_LOC_STRINGS = NO;
				SWIFT_VERSION = 5.0;
				TARGETED_DEVICE_FAMILY = "1,2";
				TEST_TARGET_NAME = SignMeUp;
			};
			name = Release;
		};
/* End XCBuildConfiguration section */

/* Begin XCConfigurationList section */
		08568BBB2CF19DA6006AF983 /* Build configuration list for PBXProject "SignMeUp" */ = {
			isa = XCConfigurationList;
			buildConfigurations = (
				08568BEC2CF19DA8006AF983 /* Debug */,
				08568BED2CF19DA8006AF983 /* Release */,
			);
			defaultConfigurationIsVisible = 0;
			defaultConfigurationName = Release;
		};
		08568BE92CF19DA8006AF983 /* Build configuration list for PBXNativeTarget "SignMeUp" */ = {
			isa = XCConfigurationList;
			buildConfigurations = (
				08568BEA2CF19DA8006AF983 /* Debug */,
				08568BEB2CF19DA8006AF983 /* Release */,
			);
			defaultConfigurationIsVisible = 0;
			defaultConfigurationName = Release;
		};
		08568BEE2CF19DA8006AF983 /* Build configuration list for PBXNativeTarget "SignMeUpTests" */ = {
			isa = XCConfigurationList;
			buildConfigurations = (
				08568BEF2CF19DA8006AF983 /* Debug */,
				08568BF02CF19DA8006AF983 /* Release */,
			);
			defaultConfigurationIsVisible = 0;
			defaultConfigurationName = Release;
		};
		08568BF12CF19DA8006AF983 /* Build configuration list for PBXNativeTarget "SignMeUpUITests" */ = {
			isa = XCConfigurationList;
			buildConfigurations = (
				08568BF22CF19DA8006AF983 /* Debug */,
				08568BF32CF19DA8006AF983 /* Release */,
			);
			defaultConfigurationIsVisible = 0;
			defaultConfigurationName = Release;
		};
/* End XCConfigurationList section */
	};
	rootObject = 08568BB82CF19DA6006AF983 /* Project object */;
}
